
Microsoft Visual Studio Solution File, Format Version 12.00
# Visual Studio 14
VisualStudioVersion = 14.0.25420.1
MinimumVisualStudioVersion = 10.0.40219.1
Project("{FAE04EC0-301F-11D3-BF4B-00C04F79EFBC}") = "FishShelter", "FishShelter\FishShelter.csproj", "{1F667506-6E35-469A-BC71-8AD4F5434DF7}"
EndProject
Global
	GlobalSection(SolutionConfigurationPlatforms) = preSolution
		Debug|Any CPU = Debug|Any CPU
		Release|Any CPU = Release|Any CPU
	EndGlobalSection
	GlobalSection(ProjectConfigurationPlatforms) = postSolution
		{1F667506-6E35-469A-BC71-8AD4F5434DF7}.Debug|Any CPU.ActiveCfg = Debug|Any CPU
		{1F667506-6E35-469A-BC71-8AD4F5434DF7}.Debug|Any CPU.Build.0 = Debug|Any CPU
		{1F667506-6E35-469A-BC71-8AD4F5434DF7}.Release|Any CPU.ActiveCfg = Release|Any CPU
		{1F667506-6E35-469A-BC71-8AD4F5434DF7}.Release|Any CPU.Build.0 = Release|Any CPU
	EndGlobalSection
	GlobalSection(SolutionProperties) = preSolution
		HideSolutionNode = FALSE
	EndGlobalSection
EndGlobal
